
Microsoft Visual Studio Solution File, Format Version 12.00
# Visual Studio Version 16
VisualStudioVersion = 16.0.31005.135
MinimumVisualStudioVersion = 10.0.40219.1
Project("{FAE04EC0-301F-11D3-BF4B-00C04F79EFBC}") = "ptpmqldiep", "ptpmqldiep\ptpmqldiep.csproj", "{9193AB4D-8E0A-4BE2-8439-23740EDD683E}"
EndProject
Global
	GlobalSection(SolutionConfigurationPlatforms) = preSolution
		Debug|Any CPU = Debug|Any CPU
		Release|Any CPU = Release|Any CPU
	EndGlobalSection
	GlobalSection(ProjectConfigurationPlatforms) = postSolution
		{9193AB4D-8E0A-4BE2-8439-23740EDD683E}.Debug|Any CPU.ActiveCfg = Debug|Any CPU
		{9193AB4D-8E0A-4BE2-8439-23740EDD683E}.Debug|Any CPU.Build.0 = Debug|Any CPU
		{9193AB4D-8E0A-4BE2-8439-23740EDD683E}.Release|Any CPU.ActiveCfg = Release|Any CPU
		{9193AB4D-8E0A-4BE2-8439-23740EDD683E}.Release|Any CPU.Build.0 = Release|Any CPU
	EndGlobalSection
	GlobalSection(SolutionProperties) = preSolution
		HideSolutionNode = FALSE
	EndGlobalSection
	GlobalSection(ExtensibilityGlobals) = postSolution
		SolutionGuid = {1ED22D9D-1AA6-4494-A699-7D4711A79A79}
	EndGlobalSection
EndGlobal
